# THIS IS AN AUTOGENERATED FILE. DO NOT EDIT THIS FILE DIRECTLY.
# yarn lockfile v1


ws@^7.5.11:
  version "7.5.11"
  resolved "https://registry.yarnpkg.com/ws/-/ws-7.5.11.tgz#9460daf1812bb81a423c5b9eac746941a86310fa"
  integrity sha512-zS54Oen9bITtp7kp2XM3AydrCIq1D+HwJOuH+c+e4LfpL/lotP5osijd+UoMnxwAam1GN8R4KtLAyIrIcBNpiA==
